# This file is automatically @generated by Cargo.
# It is not intended for manual editing.
version = 4

[[package]]
name = "POTS_Labs"
version = "0.1.0"

[[package]]
name = "lab_1"
version = "0.1.0"

[[package]]
name = "lab_10"
version = "0.1.0"

[[package]]
name = "lab_11"
version = "0.1.0"

[[package]]
name = "lab_12"
version = "0.1.0"

[[package]]
name = "lab_13"
version = "0.1.0"

[[package]]
name = "lab_14"
version = "0.1.0"

[[package]]
name = "lab_15"
version = "0.1.0"

[[package]]
name = "lab_16"
version = "0.1.0"

[[package]]
name = "lab_17"
version = "0.1.0"

[[package]]
name = "lab_18"
version = "0.1.0"

[[package]]
name = "lab_2"
version = "0.1.0"

[[package]]
name = "lab_3"
version = "0.1.0"

[[package]]
name = "lab_4"
version = "0.1.0"

[[package]]
name = "lab_5"
version = "0.1.0"

[[package]]
name = "lab_6"
version = "0.1.0"

[[package]]
name = "lab_7"
version = "0.1.0"

[[package]]
name = "lab_8"
version = "0.1.0"

[[package]]
name = "lab_9"
version = "0.1.0"
